// !$*UTF8*$!
{
	archiveVersion = 1;
	classes = {
	};
	objectVersion = 46;
	objects = {

/* Begin PBXBuildFile section */
		45F48C711B9714760017ECDA /* main.m in Sources */ = {isa = PBXBuildFile; fileRef = 45F48C701B9714760017ECDA /* main.m */; };
		45F48C741B9714760017ECDA /* AppDelegate.m in Sources */ = {isa = PBXBuildFile; fileRef = 45F48C731B9714760017ECDA /* AppDelegate.m */; };
		45F48C771B9714760017ECDA /* smart_code_united_wifi_ios.xcdatamodeld in Sources */ = {isa = PBXBuildFile; fileRef = 45F48C751B9714760017ECDA /* smart_code_united_wifi_ios.xcdatamodeld */; };
		45F48C7A1B9714760017ECDA /* ViewController.m in Sources */ = {isa = PBXBuildFile; fileRef = 45F48C791B9714760017ECDA /* ViewController.m */; };
		45F48C7D1B9714760017ECDA /* Main.storyboard in Resources */ = {isa = PBXBuildFile; fileRef = 45F48C7B1B9714760017ECDA /* Main.storyboard */; };
		45F48C7F1B9714760017ECDA /* Images.xcassets in Resources */ = {isa = PBXBuildFile; fileRef = 45F48C7E1B9714760017ECDA /* Images.xcassets */; };
		45F48C821B9714760017ECDA /* LaunchScreen.xib in Resources */ = {isa = PBXBuildFile; fileRef = 45F48C801B9714760017ECDA /* LaunchScreen.xib */; };
		45F48C8E1B9714760017ECDA /* smart_code_united_wifi_iosTests.m in Sources */ = {isa = PBXBuildFile; fileRef = 45F48C8D1B9714760017ECDA /* smart_code_united_wifi_iosTests.m */; };
/* End PBXBuildFile section */

/* Begin PBXContainerItemProxy section */
		45F48C881B9714760017ECDA /* PBXContainerItemProxy */ = {
			isa = PBXContainerItemProxy;
			containerPortal = 45F48C631B9714760017ECDA /* Project object */;
			proxyType = 1;
			remoteGlobalIDString = 45F48C6A1B9714760017ECDA;
			remoteInfo = "smart-code-united-wifi-ios";
		};
/* End PBXContainerItemProxy section */

/* Begin PBXFileReference section */
		45F48C6B1B9714760017ECDA /* smart-code-united-wifi-ios.app */ = {isa = PBXFileReference; explicitFileType = wrapper.application; includeInIndex = 0; path = "smart-code-united-wifi-ios.app"; sourceTree = BUILT_PRODUCTS_DIR; };
		45F48C6F1B9714760017ECDA /* Info.plist */ = {isa = PBXFileReference; lastKnownFileType = text.plist.xml; path = Info.plist; sourceTree = "<group>"; };
		45F48C701B9714760017ECDA /* main.m */ = {isa = PBXFileReference; lastKnownFileType = sourcecode.c.objc; path = main.m; sourceTree = "<group>"; };
		45F48C721B9714760017ECDA /* AppDelegate.h */ = {isa = PBXFileReference; lastKnownFileType = sourcecode.c.h; path = AppDelegate.h; sourceTree = "<group>"; };
		45F48C731B9714760017ECDA /* AppDelegate.m */ = {isa = PBXFileReference; lastKnownFileType = sourcecode.c.objc; path = AppDelegate.m; sourceTree = "<group>"; };
		45F48C761B9714760017ECDA /* smart_code_united_wifi_ios.xcdatamodel */ = {isa = PBXFileReference; lastKnownFileType = wrapper.xcdatamodel; path = smart_code_united_wifi_ios.xcdatamodel; sourceTree = "<group>"; };
		45F48C781B9714760017ECDA /* ViewController.h */ = {isa = PBXFileReference; lastKnownFileType = sourcecode.c.h; path = ViewController.h; sourceTree = "<group>"; };
		45F48C791B9714760017ECDA /* ViewController.m */ = {isa = PBXFileReference; lastKnownFileType = sourcecode.c.objc; path = ViewController.m; sourceTree = "<group>"; };
		45F48C7C1B9714760017ECDA /* Base */ = {isa = PBXFileReference; lastKnownFileType = file.storyboard; name = Base; path = Base.lproj/Main.storyboard; sourceTree = "<group>"; };
		45F48C7E1B9714760017ECDA /* Images.xcassets */ = {isa = PBXFileReference; lastKnownFileType = folder.assetcatalog; path = Images.xcassets; sourceTree = "<group>"; };
		45F48C811B9714760017ECDA /* Base */ = {isa = PBXFileReference; lastKnownFileType = file.xib; name = Base; path = Base.lproj/LaunchScreen.xib; sourceTree = "<group>"; };
		45F48C871B9714760017ECDA /* smart-code-united-wifi-iosTests.xctest */ = {isa = PBXFileReference; explicitFileType = wrapper.cfbundle; includeInIndex = 0; path = "smart-code-united-wifi-iosTests.xctest"; sourceTree = BUILT_PRODUCTS_DIR; };
		45F48C8C1B9714760017ECDA /* Info.plist */ = {isa = PBXFileReference; lastKnownFileType = text.plist.xml; path = Info.plist; sourceTree = "<group>"; };
		45F48C8D1B9714760017ECDA /* smart_code_united_wifi_iosTests.m */ = {isa = PBXFileReference; lastKnownFileType = sourcecode.c.objc; path = smart_code_united_wifi_iosTests.m; sourceTree = "<group>"; };
/* End PBXFileReference section */

/* Begin PBXFrameworksBuildPhase section */
		45F48C681B9714760017ECDA /* Frameworks */ = {
			isa = PBXFrameworksBuildPhase;
			buildActionMask = 2147483647;
			files = (
			);
			runOnlyForDeploymentPostprocessing = 0;
		};
		45F48C841B9714760017ECDA /* Frameworks */ = {
			isa = PBXFrameworksBuildPhase;
			buildActionMask = 2147483647;
			files = (
			);
			runOnlyForDeploymentPostprocessing = 0;
		};
/* End PBXFrameworksBuildPhase section */

/* Begin PBXGroup section */
		45F48C621B9714760017ECDA = {
			isa = PBXGroup;
			children = (
				45F48C6D1B9714760017ECDA /* smart-code-united-wifi-ios */,
				45F48C8A1B9714760017ECDA /* smart-code-united-wifi-iosTests */,
				45F48C6C1B9714760017ECDA /* Products */,
			);
			sourceTree = "<group>";
		};
		45F48C6C1B9714760017ECDA /* Products */ = {
			isa = PBXGroup;
			children = (
				45F48C6B1B9714760017ECDA /* smart-code-united-wifi-ios.app */,
				45F48C871B9714760017ECDA /* smart-code-united-wifi-iosTests.xctest */,
			);
			name = Products;
			sourceTree = "<group>";
		};
		45F48C6D1B9714760017ECDA /* smart-code-united-wifi-ios */ = {
			isa = PBXGroup;
			children = (
				45F48C721B9714760017ECDA /* AppDelegate.h */,
				45F48C731B9714760017ECDA /* AppDelegate.m */,
				45F48C781B9714760017ECDA /* ViewController.h */,
				45F48C791B9714760017ECDA /* ViewController.m */,
				45F48C7B1B9714760017ECDA /* Main.storyboard */,
				45F48C7E1B9714760017ECDA /* Images.xcassets */,
				45F48C801B9714760017ECDA /* LaunchScreen.xib */,
				45F48C751B9714760017ECDA /* smart_code_united_wifi_ios.xcdatamodeld */,
				45F48C6E1B9714760017ECDA /* Supporting Files */,
			);
			path = "smart-code-united-wifi-ios";
			sourceTree = "<group>";
		};
		45F48C6E1B9714760017ECDA /* Supporting Files */ = {
			isa = PBXGroup;
			children = (
				45F48C6F1B9714760017ECDA /* Info.plist */,
				45F48C701B9714760017ECDA /* main.m */,
			);
			name = "Supporting Files";
			sourceTree = "<group>";
		};
		45F48C8A1B9714760017ECDA /* smart-code-united-wifi-iosTests */ = {
			isa = PBXGroup;
			children = (
				45F48C8D1B9714760017ECDA /* smart_code_united_wifi_iosTests.m */,
				45F48C8B1B9714760017ECDA /* Supporting Files */,
			);
			path = "smart-code-united-wifi-iosTests";
			sourceTree = "<group>";
		};
		45F48C8B1B9714760017ECDA /* Supporting Files */ = {
			isa = PBXGroup;
			children = (
				45F48C8C1B9714760017ECDA /* Info.plist */,
			);
			name = "Supporting Files";
			sourceTree = "<group>";
		};
/* End PBXGroup section */

/* Begin PBXNativeTarget section */
		45F48C6A1B9714760017ECDA /* smart-code-united-wifi-ios */ = {
			isa = PBXNativeTarget;
			buildConfigurationList = 45F48C911B9714760017ECDA /* Build configuration list for PBXNativeTarget "smart-code-united-wifi-ios" */;
			buildPhases = (
				45F48C671B9714760017ECDA /* Sources */,
				45F48C681B9714760017ECDA /* Frameworks */,
				45F48C691B9714760017ECDA /* Resources */,
			);
			buildRules = (
			);
			dependencies = (
			);
			name = "smart-code-united-wifi-ios";
			productName = "smart-code-united-wifi-ios";
			productReference = 45F48C6B1B9714760017ECDA /* smart-code-united-wifi-ios.app */;
			productType = "com.apple.product-type.application";
		};
		45F48C861B9714760017ECDA /* smart-code-united-wifi-iosTests */ = {
			isa = PBXNativeTarget;
			buildConfigurationList = 45F48C941B9714760017ECDA /* Build configuration list for PBXNativeTarget "smart-code-united-wifi-iosTests" */;
			buildPhases = (
				45F48C831B9714760017ECDA /* Sources */,
				45F48C841B9714760017ECDA /* Frameworks */,
				45F48C851B9714760017ECDA /* Resources */,
			);
			buildRules = (
			);
			dependencies = (
				45F48C891B9714760017ECDA /* PBXTargetDependency */,
			);
			name = "smart-code-united-wifi-iosTests";
			productName = "smart-code-united-wifi-iosTests";
			productReference = 45F48C871B9714760017ECDA /* smart-code-united-wifi-iosTests.xctest */;
			productType = "com.apple.product-type.bundle.unit-test";
		};
/* End PBXNativeTarget section */

/* Begin PBXProject section */
		45F48C631B9714760017ECDA /* Project object */ = {
			isa = PBXProject;
			attributes = {
				LastUpgradeCheck = 0640;
				ORGANIZATIONNAME = "Smart Code United";
				TargetAttributes = {
					45F48C6A1B9714760017ECDA = {
						CreatedOnToolsVersion = 6.4;
					};
					45F48C861B9714760017ECDA = {
						CreatedOnToolsVersion = 6.4;
						TestTargetID = 45F48C6A1B9714760017ECDA;
					};
				};
			};
			buildConfigurationList = 45F48C661B9714760017ECDA /* Build configuration list for PBXProject "smart-code-united-wifi-ios" */;
			compatibilityVersion = "Xcode 3.2";
			developmentRegion = English;
			hasScannedForEncodings = 0;
			knownRegions = (
				en,
				Base,
			);
			mainGroup = 45F48C621B9714760017ECDA;
			productRefGroup = 45F48C6C1B9714760017ECDA /* Products */;
			projectDirPath = "";
			projectRoot = "";
			targets = (
				45F48C6A1B9714760017ECDA /* smart-code-united-wifi-ios */,
				45F48C861B9714760017ECDA /* smart-code-united-wifi-iosTests */,
			);
		};
/* End PBXProject section */

/* Begin PBXResourcesBuildPhase section */
		45F48C691B9714760017ECDA /* Resources */ = {
			isa = PBXResourcesBuildPhase;
			buildActionMask = 2147483647;
			files = (
				45F48C7D1B9714760017ECDA /* Main.storyboard in Resources */,
				45F48C821B9714760017ECDA /* LaunchScreen.xib in Resources */,
				45F48C7F1B9714760017ECDA /* Images.xcassets in Resources */,
			);
			runOnlyForDeploymentPostprocessing = 0;
		};
		45F48C851B9714760017ECDA /* Resources */ = {
			isa = PBXResourcesBuildPhase;
			buildActionMask = 2147483647;
			files = (
			);
			runOnlyForDeploymentPostprocessing = 0;
		};
/* End PBXResourcesBuildPhase section */

/* Begin PBXSourcesBuildPhase section */
		45F48C671B9714760017ECDA /* Sources */ = {
			isa = PBXSourcesBuildPhase;
			buildActionMask = 2147483647;
			files = (
				45F48C741B9714760017ECDA /* AppDelegate.m in Sources */,
				45F48C711B9714760017ECDA /* main.m in Sources */,
				45F48C7A1B9714760017ECDA /* ViewController.m in Sources */,
				45F48C771B9714760017ECDA /* smart_code_united_wifi_ios.xcdatamodeld in Sources */,
			);
			runOnlyForDeploymentPostprocessing = 0;
		};
		45F48C831B9714760017ECDA /* Sources */ = {
			isa = PBXSourcesBuildPhase;
			buildActionMask = 2147483647;
			files = (
				45F48C8E1B9714760017ECDA /* smart_code_united_wifi_iosTests.m in Sources */,
			);
			runOnlyForDeploymentPostprocessing = 0;
		};
/* End PBXSourcesBuildPhase section */

/* Begin PBXTargetDependency section */
		45F48C891B9714760017ECDA /* PBXTargetDependency */ = {
			isa = PBXTargetDependency;
			target = 45F48C6A1B9714760017ECDA /* smart-code-united-wifi-ios */;
			targetProxy = 45F48C881B9714760017ECDA /* PBXContainerItemProxy */;
		};
/* End PBXTargetDependency section */

/* Begin PBXVariantGroup section */
		45F48C7B1B9714760017ECDA /* Main.storyboard */ = {
			isa = PBXVariantGroup;
			children = (
				45F48C7C1B9714760017ECDA /* Base */,
			);
			name = Main.storyboard;
			sourceTree = "<group>";
		};
		45F48C801B9714760017ECDA /* LaunchScreen.xib */ = {
			isa = PBXVariantGroup;
			children = (
				45F48C811B9714760017ECDA /* Base */,
			);
			name = LaunchScreen.xib;
			sourceTree = "<group>";
		};
/* End PBXVariantGroup section */

/* Begin XCBuildConfiguration section */
		45F48C8F1B9714760017ECDA /* Debug */ = {
			isa = XCBuildConfiguration;
			buildSettings = {
				ALWAYS_SEARCH_USER_PATHS = NO;
				CLANG_CXX_LANGUAGE_STANDARD = "gnu++0x";
				CLANG_CXX_LIBRARY = "libc++";
				CLANG_ENABLE_MODULES = YES;
				CLANG_ENABLE_OBJC_ARC = YES;
				CLANG_WARN_BOOL_CONVERSION = YES;
				CLANG_WARN_CONSTANT_CONVERSION = YES;
				CLANG_WARN_DIRECT_OBJC_ISA_USAGE = YES_ERROR;
				CLANG_WARN_EMPTY_BODY = YES;
				CLANG_WARN_ENUM_CONVERSION = YES;
				CLANG_WARN_INT_CONVERSION = YES;
				CLANG_WARN_OBJC_ROOT_CLASS = YES_ERROR;
				CLANG_WARN_UNREACHABLE_CODE = YES;
				CLANG_WARN__DUPLICATE_METHOD_MATCH = YES;
				"CODE_SIGN_IDENTITY[sdk=iphoneos*]" = "iPhone Developer";
				COPY_PHASE_STRIP = NO;
				DEBUG_INFORMATION_FORMAT = "dwarf-with-dsym";
				ENABLE_STRICT_OBJC_MSGSEND = YES;
				GCC_C_LANGUAGE_STANDARD = gnu99;
				GCC_DYNAMIC_NO_PIC = NO;
				GCC_NO_COMMON_BLOCKS = YES;
				GCC_OPTIMIZATION_LEVEL = 0;
				GCC_PREPROCESSOR_DEFINITIONS = (
					"DEBUG=1",
					"$(inherited)",
				);
				GCC_SYMBOLS_PRIVATE_EXTERN = NO;
				GCC_WARN_64_TO_32_BIT_CONVERSION = YES;
				GCC_WARN_ABOUT_RETURN_TYPE = YES_ERROR;
				GCC_WARN_UNDECLARED_SELECTOR = YES;
				GCC_WARN_UNINITIALIZED_AUTOS = YES_AGGRESSIVE;
				GCC_WARN_UNUSED_FUNCTION = YES;
				GCC_WARN_UNUSED_VARIABLE = YES;
				IPHONEOS_DEPLOYMENT_TARGET = 8.4;
				MTL_ENABLE_DEBUG_INFO = YES;
				ONLY_ACTIVE_ARCH = YES;
				SDKROOT = iphoneos;
				TARGETED_DEVICE_FAMILY = "1,2";
			};
			name = Debug;
		};
		45F48C901B9714760017ECDA /* Release */ = {
			isa = XCBuildConfiguration;
			buildSettings = {
				ALWAYS_SEARCH_USER_PATHS = NO;
				CLANG_CXX_LANGUAGE_STANDARD = "gnu++0x";
				CLANG_CXX_LIBRARY = "libc++";
				CLANG_ENABLE_MODULES = YES;
				CLANG_ENABLE_OBJC_ARC = YES;
				CLANG_WARN_BOOL_CONVERSION = YES;
				CLANG_WARN_CONSTANT_CONVERSION = YES;
				CLANG_WARN_DIRECT_OBJC_ISA_USAGE = YES_ERROR;
				CLANG_WARN_EMPTY_BODY = YES;
				CLANG_WARN_ENUM_CONVERSION = YES;
				CLANG_WARN_INT_CONVERSION = YES;
				CLANG_WARN_OBJC_ROOT_CLASS = YES_ERROR;
				CLANG_WARN_UNREACHABLE_CODE = YES;
				CLANG_WARN__DUPLICATE_METHOD_MATCH = YES;
				"CODE_SIGN_IDENTITY[sdk=iphoneos*]" = "iPhone Developer";
				COPY_PHASE_STRIP = NO;
				DEBUG_INFORMATION_FORMAT = "dwarf-with-dsym";
				ENABLE_NS_ASSERTIONS = NO;
				ENABLE_STRICT_OBJC_MSGSEND = YES;
				GCC_C_LANGUAGE_STANDARD = gnu99;
				GCC_NO_COMMON_BLOCKS = YES;
				GCC_WARN_64_TO_32_BIT_CONVERSION = YES;
				GCC_WARN_ABOUT_RETURN_TYPE = YES_ERROR;
				GCC_WARN_UNDECLARED_SELECTOR = YES;
				GCC_WARN_UNINITIALIZED_AUTOS = YES_AGGRESSIVE;
				GCC_WARN_UNUSED_FUNCTION = YES;
				GCC_WARN_UNUSED_VARIABLE = YES;
				IPHONEOS_DEPLOYMENT_TARGET = 8.4;
				MTL_ENABLE_DEBUG_INFO = NO;
				SDKROOT = iphoneos;
				TARGETED_DEVICE_FAMILY = "1,2";
				VALIDATE_PRODUCT = YES;
			};
			name = Release;
		};
		45F48C921B9714760017ECDA /* Debug */ = {
			isa = XCBuildConfiguration;
			buildSettings = {
				ASSETCATALOG_COMPILER_APPICON_NAME = AppIcon;
				INFOPLIST_FILE = "smart-code-united-wifi-ios/Info.plist";
				LD_RUNPATH_SEARCH_PATHS = "$(inherited) @executable_path/Frameworks";
				PRODUCT_NAME = "$(TARGET_NAME)";
			};
			name = Debug;
		};
		45F48C931B9714760017ECDA /* Release */ = {
			isa = XCBuildConfiguration;
			buildSettings = {
				ASSETCATALOG_COMPILER_APPICON_NAME = AppIcon;
				INFOPLIST_FILE = "smart-code-united-wifi-ios/Info.plist";
				LD_RUNPATH_SEARCH_PATHS = "$(inherited) @executable_path/Frameworks";
				PRODUCT_NAME = "$(TARGET_NAME)";
			};
			name = Release;
		};
		45F48C951B9714760017ECDA /* Debug */ = {
			isa = XCBuildConfiguration;
			buildSettings = {
				BUNDLE_LOADER = "$(TEST_HOST)";
				FRAMEWORK_SEARCH_PATHS = (
					"$(SDKROOT)/Developer/Library/Frameworks",
					"$(inherited)",
				);
				GCC_PREPROCESSOR_DEFINITIONS = (
					"DEBUG=1",
					"$(inherited)",
				);
				INFOPLIST_FILE = "smart-code-united-wifi-iosTests/Info.plist";
				LD_RUNPATH_SEARCH_PATHS = "$(inherited) @executable_path/Frameworks @loader_path/Frameworks";
				PRODUCT_NAME = "$(TARGET_NAME)";
				TEST_HOST = "$(BUILT_PRODUCTS_DIR)/smart-code-united-wifi-ios.app/smart-code-united-wifi-ios";
			};
			name = Debug;
		};
		45F48C961B9714760017ECDA /* Release */ = {
			isa = XCBuildConfiguration;
			buildSettings = {
				BUNDLE_LOADER = "$(TEST_HOST)";
				FRAMEWORK_SEARCH_PATHS = (
					"$(SDKROOT)/Developer/Library/Frameworks",
					"$(inherited)",
				);
				INFOPLIST_FILE = "smart-code-united-wifi-iosTests/Info.plist";
				LD_RUNPATH_SEARCH_PATHS = "$(inherited) @executable_path/Frameworks @loader_path/Frameworks";
				PRODUCT_NAME = "$(TARGET_NAME)";
				TEST_HOST = "$(BUILT_PRODUCTS_DIR)/smart-code-united-wifi-ios.app/smart-code-united-wifi-ios";
			};
			name = Release;
		};
/* End XCBuildConfiguration section */

/* Begin XCConfigurationList section */
		45F48C661B9714760017ECDA /* Build configuration list for PBXProject "smart-code-united-wifi-ios" */ = {
			isa = XCConfigurationList;
			buildConfigurations = (
				45F48C8F1B9714760017ECDA /* Debug */,
				45F48C901B9714760017ECDA /* Release */,
			);
			defaultConfigurationIsVisible = 0;
			defaultConfigurationName = Release;
		};
		45F48C911B9714760017ECDA /* Build configuration list for PBXNativeTarget "smart-code-united-wifi-ios" */ = {
			isa = XCConfigurationList;
			buildConfigurations = (
				45F48C921B9714760017ECDA /* Debug */,
				45F48C931B9714760017ECDA /* Release */,
			);
			defaultConfigurationIsVisible = 0;
		};
		45F48C941B9714760017ECDA /* Build configuration list for PBXNativeTarget "smart-code-united-wifi-iosTests" */ = {
			isa = XCConfigurationList;
			buildConfigurations = (
				45F48C951B9714760017ECDA /* Debug */,
				45F48C961B9714760017ECDA /* Release */,
			);
			defaultConfigurationIsVisible = 0;
		};
/* End XCConfigurationList section */

/* Begin XCVersionGroup section */
		45F48C751B9714760017ECDA /* smart_code_united_wifi_ios.xcdatamodeld */ = {
			isa = XCVersionGroup;
			children = (
				45F48C761B9714760017ECDA /* smart_code_united_wifi_ios.xcdatamodel */,
			);
			currentVersion = 45F48C761B9714760017ECDA /* smart_code_united_wifi_ios.xcdatamodel */;
			path = smart_code_united_wifi_ios.xcdatamodeld;
			sourceTree = "<group>";
			versionGroupType = wrapper.xcdatamodel;
		};
/* End XCVersionGroup section */
	};
	rootObject = 45F48C631B9714760017ECDA /* Project object */;
}
